
Microsoft Visual Studio Solution File, Format Version 12.00
# Visual Studio 15
VisualStudioVersion = 15.0.26430.6
MinimumVisualStudioVersion = 10.0.40219.1
Project("{FAE04EC0-301F-11D3-BF4B-00C04F79EFBC}") = "Trains", "Trains\Trains.csproj", "{505873DF-5FBA-42C7-BB72-AE585A76208D}"
EndProject
Project("{FAE04EC0-301F-11D3-BF4B-00C04F79EFBC}") = "Trains.Tests", "Trains.Tests\Trains.Tests.csproj", "{5423CE32-29D4-4728-BB03-CFE6A30CCFFE}"
EndProject
Global
	GlobalSection(SolutionConfigurationPlatforms) = preSolution
		Debug|Any CPU = Debug|Any CPU
		Release|Any CPU = Release|Any CPU
	EndGlobalSection
	GlobalSection(ProjectConfigurationPlatforms) = postSolution
		{505873DF-5FBA-42C7-BB72-AE585A76208D}.Debug|Any CPU.ActiveCfg = Debug|Any CPU
		{505873DF-5FBA-42C7-BB72-AE585A76208D}.Debug|Any CPU.Build.0 = Debug|Any CPU
		{505873DF-5FBA-42C7-BB72-AE585A76208D}.Release|Any CPU.ActiveCfg = Release|Any CPU
		{505873DF-5FBA-42C7-BB72-AE585A76208D}.Release|Any CPU.Build.0 = Release|Any CPU
		{5423CE32-29D4-4728-BB03-CFE6A30CCFFE}.Debug|Any CPU.ActiveCfg = Debug|Any CPU
		{5423CE32-29D4-4728-BB03-CFE6A30CCFFE}.Debug|Any CPU.Build.0 = Debug|Any CPU
		{5423CE32-29D4-4728-BB03-CFE6A30CCFFE}.Release|Any CPU.ActiveCfg = Release|Any CPU
		{5423CE32-29D4-4728-BB03-CFE6A30CCFFE}.Release|Any CPU.Build.0 = Release|Any CPU
	EndGlobalSection
	GlobalSection(SolutionProperties) = preSolution
		HideSolutionNode = FALSE
	EndGlobalSection
EndGlobal
